
Microsoft Visual Studio Solution File, Format Version 12.00
# Visual Studio Version 16
VisualStudioVersion = 16.0.30608.117
MinimumVisualStudioVersion = 10.0.40219.1
Project("{9A19103F-16F7-4668-BE54-9A1E7A4F7556}") = "Spors.Blazor", "Spors.Blazor\Spors.Blazor.csproj", "{6BE665DF-8F58-491E-8504-688BDE38156E}"
EndProject
Global
	GlobalSection(SolutionConfigurationPlatforms) = preSolution
		Debug|Any CPU = Debug|Any CPU
		Release|Any CPU = Release|Any CPU
	EndGlobalSection
	GlobalSection(ProjectConfigurationPlatforms) = postSolution
		{6BE665DF-8F58-491E-8504-688BDE38156E}.Debug|Any CPU.ActiveCfg = Debug|Any CPU
		{6BE665DF-8F58-491E-8504-688BDE38156E}.Debug|Any CPU.Build.0 = Debug|Any CPU
		{6BE665DF-8F58-491E-8504-688BDE38156E}.Release|Any CPU.ActiveCfg = Release|Any CPU
		{6BE665DF-8F58-491E-8504-688BDE38156E}.Release|Any CPU.Build.0 = Release|Any CPU
	EndGlobalSection
	GlobalSection(SolutionProperties) = preSolution
		HideSolutionNode = FALSE
	EndGlobalSection
	GlobalSection(ExtensibilityGlobals) = postSolution
		SolutionGuid = {DF7D32A3-5702-49F6-8009-BFB7C9D7162D}
	EndGlobalSection
EndGlobal
